
Microsoft Visual Studio Solution File, Format Version 12.00
# Visual Studio 15
Project("{FAE04EC0-301F-11D3-BF4B-00C04F79EFBC}") = "Assembly-CSharp-Editor", "Assembly-CSharp-Editor.csproj", "{581B33C6-788B-B14A-CB7E-349A13B9BA88}"
EndProject
Project("{FAE04EC0-301F-11D3-BF4B-00C04F79EFBC}") = "Assembly-CSharp", "Assembly-CSharp.csproj", "{DCCDE506-22A7-C62E-A021-DCDBEF4EBADA}"
EndProject
Global
	GlobalSection(SolutionConfigurationPlatforms) = preSolution
		Debug|Any CPU = Debug|Any CPU
		Release|Any CPU = Release|Any CPU
	EndGlobalSection
	GlobalSection(ProjectConfigurationPlatforms) = postSolution
		{581B33C6-788B-B14A-CB7E-349A13B9BA88}.Debug|Any CPU.ActiveCfg = Debug|Any CPU
		{581B33C6-788B-B14A-CB7E-349A13B9BA88}.Debug|Any CPU.Build.0 = Debug|Any CPU
		{581B33C6-788B-B14A-CB7E-349A13B9BA88}.Release|Any CPU.ActiveCfg = Release|Any CPU
		{581B33C6-788B-B14A-CB7E-349A13B9BA88}.Release|Any CPU.Build.0 = Release|Any CPU
		{DCCDE506-22A7-C62E-A021-DCDBEF4EBADA}.Debug|Any CPU.ActiveCfg = Debug|Any CPU
		{DCCDE506-22A7-C62E-A021-DCDBEF4EBADA}.Debug|Any CPU.Build.0 = Debug|Any CPU
		{DCCDE506-22A7-C62E-A021-DCDBEF4EBADA}.Release|Any CPU.ActiveCfg = Release|Any CPU
		{DCCDE506-22A7-C62E-A021-DCDBEF4EBADA}.Release|Any CPU.Build.0 = Release|Any CPU
	EndGlobalSection
	GlobalSection(SolutionProperties) = preSolution
		HideSolutionNode = FALSE
	EndGlobalSection
EndGlobal
